
Microsoft Visual Studio Solution File, Format Version 12.00
# Visual Studio Version 16
VisualStudioVersion = 16.0.31515.178
MinimumVisualStudioVersion = 10.0.40219.1
Project("{FAE04EC0-301F-11D3-BF4B-00C04F79EFBC}") = "e-envanter", "e-envanter\e-envanter.csproj", "{7FF6C0D8-9709-4024-B9F0-B2D78CC94117}"
EndProject
Global
	GlobalSection(SolutionConfigurationPlatforms) = preSolution
		Debug|Any CPU = Debug|Any CPU
		Debug|x64 = Debug|x64
		Release|Any CPU = Release|Any CPU
		Release|x64 = Release|x64
	EndGlobalSection
	GlobalSection(ProjectConfigurationPlatforms) = postSolution
		{7FF6C0D8-9709-4024-B9F0-B2D78CC94117}.Debug|Any CPU.ActiveCfg = Debug|Any CPU
		{7FF6C0D8-9709-4024-B9F0-B2D78CC94117}.Debug|Any CPU.Build.0 = Debug|Any CPU
		{7FF6C0D8-9709-4024-B9F0-B2D78CC94117}.Debug|x64.ActiveCfg = Debug|x64
		{7FF6C0D8-9709-4024-B9F0-B2D78CC94117}.Debug|x64.Build.0 = Debug|x64
		{7FF6C0D8-9709-4024-B9F0-B2D78CC94117}.Release|Any CPU.ActiveCfg = Release|Any CPU
		{7FF6C0D8-9709-4024-B9F0-B2D78CC94117}.Release|Any CPU.Build.0 = Release|Any CPU
		{7FF6C0D8-9709-4024-B9F0-B2D78CC94117}.Release|x64.ActiveCfg = Release|x64
		{7FF6C0D8-9709-4024-B9F0-B2D78CC94117}.Release|x64.Build.0 = Release|x64
	EndGlobalSection
	GlobalSection(SolutionProperties) = preSolution
		HideSolutionNode = FALSE
	EndGlobalSection
	GlobalSection(ExtensibilityGlobals) = postSolution
		SolutionGuid = {CFA0FB47-D71E-4390-AA20-FA08B94862D4}
	EndGlobalSection
EndGlobal
